
Microsoft Visual Studio Solution File, Format Version 12.00
# Visual Studio 2013
VisualStudioVersion = 12.0.21005.1
MinimumVisualStudioVersion = 10.0.40219.1
Project("{FAE04EC0-301F-11D3-BF4B-00C04F79EFBC}") = "work1", "work1\work1.csproj", "{907461D2-7CA0-4D6C-A2BF-16052B5A7038}"
EndProject
Global
	GlobalSection(SolutionConfigurationPlatforms) = preSolution
		Debug|Any CPU = Debug|Any CPU
		Release|Any CPU = Release|Any CPU
	EndGlobalSection
	GlobalSection(ProjectConfigurationPlatforms) = postSolution
		{907461D2-7CA0-4D6C-A2BF-16052B5A7038}.Debug|Any CPU.ActiveCfg = Debug|Any CPU
		{907461D2-7CA0-4D6C-A2BF-16052B5A7038}.Debug|Any CPU.Build.0 = Debug|Any CPU
		{907461D2-7CA0-4D6C-A2BF-16052B5A7038}.Release|Any CPU.ActiveCfg = Release|Any CPU
		{907461D2-7CA0-4D6C-A2BF-16052B5A7038}.Release|Any CPU.Build.0 = Release|Any CPU
	EndGlobalSection
	GlobalSection(SolutionProperties) = preSolution
		HideSolutionNode = FALSE
	EndGlobalSection
EndGlobal
